
Microsoft Visual Studio Solution File, Format Version 12.00
# Visual Basic Express 2010
Project("{F184B08F-C81C-45F6-A57F-5ABD9991F28F}") = "PracticeOne", "PracticeOne\PracticeOne.vbproj", "{4328BC11-3F33-418D-98DB-0AFBD9447A72}"
EndProject
Global
	GlobalSection(SolutionConfigurationPlatforms) = preSolution
		Debug|Any CPU = Debug|Any CPU
		Debug|x86 = Debug|x86
		Release|Any CPU = Release|Any CPU
		Release|x86 = Release|x86
	EndGlobalSection
	GlobalSection(ProjectConfigurationPlatforms) = postSolution
		{4328BC11-3F33-418D-98DB-0AFBD9447A72}.Debug|Any CPU.ActiveCfg = Debug|x86
		{4328BC11-3F33-418D-98DB-0AFBD9447A72}.Debug|x86.ActiveCfg = Debug|x86
		{4328BC11-3F33-418D-98DB-0AFBD9447A72}.Debug|x86.Build.0 = Debug|x86
		{4328BC11-3F33-418D-98DB-0AFBD9447A72}.Release|Any CPU.ActiveCfg = Release|x86
		{4328BC11-3F33-418D-98DB-0AFBD9447A72}.Release|x86.ActiveCfg = Release|x86
		{4328BC11-3F33-418D-98DB-0AFBD9447A72}.Release|x86.Build.0 = Release|x86
	EndGlobalSection
	GlobalSection(SolutionProperties) = preSolution
		HideSolutionNode = FALSE
	EndGlobalSection
EndGlobal
